
Microsoft Visual Studio Solution File, Format Version 12.00
# Visual Studio Version 17
VisualStudioVersion = 17.14.37027.9 d17.14
MinimumVisualStudioVersion = 10.0.40219.1
Project("{FAE04EC0-301F-11D3-BF4B-00C04F79EFBC}") = "SistemaGestionProductosConPersistenciaXml_Json", "SistemaGestionProductosConPersistenciaXml_Json\SistemaGestionProductosConPersistenciaXml_Json.csproj", "{FFC91B09-405C-4521-AE7D-378D7FBDF515}"
EndProject
Global
	GlobalSection(SolutionConfigurationPlatforms) = preSolution
		Debug|Any CPU = Debug|Any CPU
		Release|Any CPU = Release|Any CPU
	EndGlobalSection
	GlobalSection(ProjectConfigurationPlatforms) = postSolution
		{FFC91B09-405C-4521-AE7D-378D7FBDF515}.Debug|Any CPU.ActiveCfg = Debug|Any CPU
		{FFC91B09-405C-4521-AE7D-378D7FBDF515}.Debug|Any CPU.Build.0 = Debug|Any CPU
		{FFC91B09-405C-4521-AE7D-378D7FBDF515}.Release|Any CPU.ActiveCfg = Release|Any CPU
		{FFC91B09-405C-4521-AE7D-378D7FBDF515}.Release|Any CPU.Build.0 = Release|Any CPU
	EndGlobalSection
	GlobalSection(SolutionProperties) = preSolution
		HideSolutionNode = FALSE
	EndGlobalSection
	GlobalSection(ExtensibilityGlobals) = postSolution
		SolutionGuid = {0E65C964-0405-4E16-855B-EFBCB46707E6}
	EndGlobalSection
EndGlobal
